{
  "nodes": {
    "flakeNimbleLib": {
      "inputs": {
        "nixpkgs": [
          "nixpkgs"
        ]
      },
      "locked": {
        "lastModified": 1647920574,
        "narHash": "sha256-D3ob5QykELhyNcTnISOkjEzLlgXltwON8Ucrz5cpiQI=",
        "owner": "riinr",
        "repo": "nim-flakes-lib",
        "rev": "bfb46a1f762002f07f9d81d93dacd544c6890623",
        "type": "github"
      },
      "original": {
        "owner": "riinr",
        "ref": "master",
        "repo": "nim-flakes-lib",
        "type": "github"
      }
    },
    "nixpkgs": {
      "locked": {
        "narHash": "sha256-sK1Ow//80EKE3bAF5d+2gB8vPXw6m5TBk3wSLHvdVe0=",
        "path": "/nix/store/0yqgkbpmsk7ck4s34wk505sfdd9vils4-source",
        "type": "path"
      },
      "original": {
        "id": "nixpkgs",
        "type": "indirect"
      }
    },
    "parsetoml": {
      "inputs": {
        "flakeNimbleLib": [
          "flakeNimbleLib"
        ],
        "nixpkgs": [
          "nixpkgs"
        ],
        "src-parsetoml-v0_6_0": "src-parsetoml-v0_6_0"
      },
      "locked": {
        "dir": "v0_6_0",
        "lastModified": 1648081330,
        "narHash": "sha256-iH2mV8Peh8n44xS+ULUrMBTeqW38cj21DkD37XzQSVc=",
        "owner": "nim-nix-pkgs",
        "repo": "parsetoml",
        "rev": "943408fe1a206c855f4e211a1b6c88ca6458f567",
        "type": "github"
      },
      "original": {
        "dir": "v0_6_0",
        "owner": "nim-nix-pkgs",
        "ref": "master",
        "repo": "parsetoml",
        "type": "github"
      }
    },
    "root": {
      "inputs": {
        "flakeNimbleLib": "flakeNimbleLib",
        "nixpkgs": "nixpkgs",
        "parsetoml": "parsetoml",
        "src-moe-v0_2_0_2": "src-moe-v0_2_0_2",
        "unicodedb": "unicodedb"
      }
    },
    "src-moe-v0_2_0_2": {
      "flake": false,
      "locked": {
        "lastModified": 1594280432,
        "narHash": "sha256-+Xd1qMisSsLclA4Y2XRJt4ARrWNxAHwwiQvii9DyG3M=",
        "owner": "fox0430",
        "repo": "moe",
        "rev": "a6c10aea5d1b9b28c76022f9a6bf486724ba94a6",
        "type": "github"
      },
      "original": {
        "owner": "fox0430",
        "ref": "refs/tags/v0.2.0.2",
        "repo": "moe",
        "type": "github"
      }
    },
    "src-parsetoml-v0_6_0": {
      "flake": false,
      "locked": {
        "lastModified": 1623068333,
        "narHash": "sha256-7s54U1Nx5FlCPjQXqNoe9d1ZF57MzzVhbYo4NFl7iOc=",
        "owner": "NimParsers",
        "repo": "parsetoml",
        "rev": "9cdeb3f65fd10302da157db8a8bac5c42f055249",
        "type": "github"
      },
      "original": {
        "owner": "NimParsers",
        "ref": "refs/tags/v0.6.0",
        "repo": "parsetoml",
        "type": "github"
      }
    },
    "src-unicodedb-v0_10_0": {
      "flake": false,
      "locked": {
        "lastModified": 1635061637,
        "narHash": "sha256-qt2pyiGrvJXSes+E0eubx98mrF+jTudPD6hkUXjw0/4=",
        "owner": "nitely",
        "repo": "nim-unicodedb",
        "rev": "675407fa4b6e701ebf9f94e5370ce18c3af40cc3",
        "type": "github"
      },
      "original": {
        "owner": "nitely",
        "ref": "refs/tags/v0.10.0",
        "repo": "nim-unicodedb",
        "type": "github"
      }
    },
    "unicodedb": {
      "inputs": {
        "flakeNimbleLib": [
          "flakeNimbleLib"
        ],
        "nixpkgs": [
          "nixpkgs"
        ],
        "src-unicodedb-v0_10_0": "src-unicodedb-v0_10_0"
      },
      "locked": {
        "dir": "v0_10_0",
        "lastModified": 1648081489,
        "narHash": "sha256-VprId0Win+POOgrQkqZGmd5uq6R6sqWI7zdsis+4XSU=",
        "owner": "nim-nix-pkgs",
        "repo": "unicodedb",
        "rev": "a9d3817c57ac79de3f89628072306c483ba2c761",
        "type": "github"
      },
      "original": {
        "dir": "v0_10_0",
        "owner": "nim-nix-pkgs",
        "ref": "master",
        "repo": "unicodedb",
        "type": "github"
      }
    }
  },
  "root": "root",
  "version": 7
}
